
Microsoft Visual Studio Solution File, Format Version 12.00
# Visual Studio Version 17
VisualStudioVersion = 17.2.32616.157
MinimumVisualStudioVersion = 10.0.40219.1
Project("{FAE04EC0-301F-11D3-BF4B-00C04F79EFBC}") = "JustMuesli", "..\..\JusMuesliArthur\JustMuesli\JustMuesli.csproj", "{9579C601-D7EF-4DA6-848A-314BBD643A19}"
EndProject
Global
	GlobalSection(SolutionConfigurationPlatforms) = preSolution
		Debug|Any CPU = Debug|Any CPU
		Release|Any CPU = Release|Any CPU
	EndGlobalSection
	GlobalSection(ProjectConfigurationPlatforms) = postSolution
		{9579C601-D7EF-4DA6-848A-314BBD643A19}.Debug|Any CPU.ActiveCfg = Debug|Any CPU
		{9579C601-D7EF-4DA6-848A-314BBD643A19}.Debug|Any CPU.Build.0 = Debug|Any CPU
		{9579C601-D7EF-4DA6-848A-314BBD643A19}.Release|Any CPU.ActiveCfg = Release|Any CPU
		{9579C601-D7EF-4DA6-848A-314BBD643A19}.Release|Any CPU.Build.0 = Release|Any CPU
	EndGlobalSection
	GlobalSection(SolutionProperties) = preSolution
		HideSolutionNode = FALSE
	EndGlobalSection
	GlobalSection(ExtensibilityGlobals) = postSolution
		SolutionGuid = {78CEDE8E-803C-4470-A35F-FF618E5FA52D}
	EndGlobalSection
EndGlobal
